{
  "name": "repo4",
  "version": "1.0.0",
  "lockfileVersion": 2,
  "requires": true,
  "packages": {
    "": {
      "name": "repo4",
      "version": "1.0.0",
      "license": "ISC",
      "dependencies": {
        "@mitraksh/repo1": "^1.0.1"
      }
    },
    "node_modules/@mitraksh/repo1": {
      "version": "1.0.1",
      "resolved": "https://registry.npmjs.org/@mitraksh/repo1/-/repo1-1.0.1.tgz",
      "integrity": "sha512-D2jOeYRu+RoAlTltmKLeIoKdmEU+rT82kfOqHJDjj+dZK1a9vnWT2b+F3GywEAjnrZ8tIdAzD/SnlPxP2zgLRQ=="
    }
  },
  "dependencies": {
    "@mitraksh/repo1": {
      "version": "1.0.1",
      "resolved": "https://registry.npmjs.org/@mitraksh/repo1/-/repo1-1.0.1.tgz",
      "integrity": "sha512-D2jOeYRu+RoAlTltmKLeIoKdmEU+rT82kfOqHJDjj+dZK1a9vnWT2b+F3GywEAjnrZ8tIdAzD/SnlPxP2zgLRQ=="
    }
  }
}
